
Microsoft Visual Studio Solution File, Format Version 12.00
# Visual Studio Version 17
VisualStudioVersion = 17.5.33516.290
MinimumVisualStudioVersion = 10.0.40219.1
Project("{FAE04EC0-301F-11D3-BF4B-00C04F79EFBC}") = "FarmRecordManagementSystem", "FarmRecordManagementSystem\FarmRecordManagementSystem.csproj", "{79317DAC-9C40-4984-A786-C521DF92F62B}"
EndProject
Global
	GlobalSection(SolutionConfigurationPlatforms) = preSolution
		Debug|Any CPU = Debug|Any CPU
		Release|Any CPU = Release|Any CPU
	EndGlobalSection
	GlobalSection(ProjectConfigurationPlatforms) = postSolution
		{79317DAC-9C40-4984-A786-C521DF92F62B}.Debug|Any CPU.ActiveCfg = Debug|Any CPU
		{79317DAC-9C40-4984-A786-C521DF92F62B}.Debug|Any CPU.Build.0 = Debug|Any CPU
		{79317DAC-9C40-4984-A786-C521DF92F62B}.Release|Any CPU.ActiveCfg = Release|Any CPU
		{79317DAC-9C40-4984-A786-C521DF92F62B}.Release|Any CPU.Build.0 = Release|Any CPU
	EndGlobalSection
	GlobalSection(SolutionProperties) = preSolution
		HideSolutionNode = FALSE
	EndGlobalSection
	GlobalSection(ExtensibilityGlobals) = postSolution
		SolutionGuid = {64F3BDAA-1A36-43B1-BF8E-ABFA336F5FC0}
	EndGlobalSection
EndGlobal
